
Microsoft Visual Studio Solution File, Format Version 12.00
# Visual Studio Version 16
VisualStudioVersion = 16.0.32228.343
MinimumVisualStudioVersion = 10.0.40219.1
Project("{9A19103F-16F7-4668-BE54-9A1E7A4F7556}") = "AzureStorageAPI", "AzureStorageAPI\AzureStorageAPI.csproj", "{39FDB443-6C7B-415A-8090-6C605192CB86}"
EndProject
Global
	GlobalSection(SolutionConfigurationPlatforms) = preSolution
		Debug|Any CPU = Debug|Any CPU
		Release|Any CPU = Release|Any CPU
	EndGlobalSection
	GlobalSection(ProjectConfigurationPlatforms) = postSolution
		{39FDB443-6C7B-415A-8090-6C605192CB86}.Debug|Any CPU.ActiveCfg = Debug|Any CPU
		{39FDB443-6C7B-415A-8090-6C605192CB86}.Debug|Any CPU.Build.0 = Debug|Any CPU
		{39FDB443-6C7B-415A-8090-6C605192CB86}.Release|Any CPU.ActiveCfg = Release|Any CPU
		{39FDB443-6C7B-415A-8090-6C605192CB86}.Release|Any CPU.Build.0 = Release|Any CPU
	EndGlobalSection
	GlobalSection(SolutionProperties) = preSolution
		HideSolutionNode = FALSE
	EndGlobalSection
	GlobalSection(ExtensibilityGlobals) = postSolution
		SolutionGuid = {6D4A7E34-27CB-4157-8E74-C43B5C05811D}
	EndGlobalSection
EndGlobal
